
Microsoft Visual Studio Solution File, Format Version 12.00
# Visual Studio Version 16
VisualStudioVersion = 16.0.29411.108
MinimumVisualStudioVersion = 10.0.40219.1
Project("{FAE04EC0-301F-11D3-BF4B-00C04F79EFBC}") = "Developer", "Developer.csproj", "{9E81CA2C-98F1-4D2B-B617-AB3D7B6199CE}"
EndProject
Global
	GlobalSection(SolutionConfigurationPlatforms) = preSolution
		Debug|Any CPU = Debug|Any CPU
		Release|Any CPU = Release|Any CPU
	EndGlobalSection
	GlobalSection(ProjectConfigurationPlatforms) = postSolution
		{9E81CA2C-98F1-4D2B-B617-AB3D7B6199CE}.Debug|Any CPU.ActiveCfg = Debug|Any CPU
		{9E81CA2C-98F1-4D2B-B617-AB3D7B6199CE}.Debug|Any CPU.Build.0 = Debug|Any CPU
		{9E81CA2C-98F1-4D2B-B617-AB3D7B6199CE}.Release|Any CPU.ActiveCfg = Release|Any CPU
		{9E81CA2C-98F1-4D2B-B617-AB3D7B6199CE}.Release|Any CPU.Build.0 = Release|Any CPU
	EndGlobalSection
	GlobalSection(SolutionProperties) = preSolution
		HideSolutionNode = FALSE
	EndGlobalSection
	GlobalSection(ExtensibilityGlobals) = postSolution
		SolutionGuid = {E9A8D402-B11B-4BFC-891F-E7451517E281}
	EndGlobalSection
EndGlobal
