
Microsoft Visual Studio Solution File, Format Version 12.00
# Visual Studio Version 16
VisualStudioVersion = 16.0.29025.244
MinimumVisualStudioVersion = 10.0.40219.1
Project("{FAE04EC0-301F-11D3-BF4B-00C04F79EFBC}") = "DH.Ryze", "DH.Ryze.csproj", "{C5BEDACE-200B-4616-9AA0-2787069F70A5}"
EndProject
Global
	GlobalSection(SolutionConfigurationPlatforms) = preSolution
		Debug|Any CPU = Debug|Any CPU
		Release|Any CPU = Release|Any CPU
	EndGlobalSection
	GlobalSection(ProjectConfigurationPlatforms) = postSolution
		{C5BEDACE-200B-4616-9AA0-2787069F70A5}.Debug|Any CPU.ActiveCfg = Debug|Any CPU
		{C5BEDACE-200B-4616-9AA0-2787069F70A5}.Debug|Any CPU.Build.0 = Debug|Any CPU
		{C5BEDACE-200B-4616-9AA0-2787069F70A5}.Release|Any CPU.ActiveCfg = Release|Any CPU
		{C5BEDACE-200B-4616-9AA0-2787069F70A5}.Release|Any CPU.Build.0 = Release|Any CPU
	EndGlobalSection
	GlobalSection(SolutionProperties) = preSolution
		HideSolutionNode = FALSE
	EndGlobalSection
	GlobalSection(ExtensibilityGlobals) = postSolution
		SolutionGuid = {E8224859-1761-42AE-B26C-8BF48829694C}
	EndGlobalSection
EndGlobal
